
Microsoft Visual Studio Solution File, Format Version 12.00
# Visual Studio 15
VisualStudioVersion = 15.0.26730.15
MinimumVisualStudioVersion = 10.0.40219.1
Project("{00D1A9C2-B5F0-4AF3-8072-F6C62B433612}") = "laba1", "laba1\laba1.sqlproj", "{FBED7ABA-73ED-4890-A0EA-28BA44EB7DA1}"
EndProject
Global
	GlobalSection(SolutionConfigurationPlatforms) = preSolution
		Debug|Any CPU = Debug|Any CPU
		Release|Any CPU = Release|Any CPU
	EndGlobalSection
	GlobalSection(ProjectConfigurationPlatforms) = postSolution
		{FBED7ABA-73ED-4890-A0EA-28BA44EB7DA1}.Debug|Any CPU.ActiveCfg = Debug|Any CPU
		{FBED7ABA-73ED-4890-A0EA-28BA44EB7DA1}.Debug|Any CPU.Build.0 = Debug|Any CPU
		{FBED7ABA-73ED-4890-A0EA-28BA44EB7DA1}.Debug|Any CPU.Deploy.0 = Debug|Any CPU
		{FBED7ABA-73ED-4890-A0EA-28BA44EB7DA1}.Release|Any CPU.ActiveCfg = Release|Any CPU
		{FBED7ABA-73ED-4890-A0EA-28BA44EB7DA1}.Release|Any CPU.Build.0 = Release|Any CPU
		{FBED7ABA-73ED-4890-A0EA-28BA44EB7DA1}.Release|Any CPU.Deploy.0 = Release|Any CPU
	EndGlobalSection
	GlobalSection(SolutionProperties) = preSolution
		HideSolutionNode = FALSE
	EndGlobalSection
	GlobalSection(ExtensibilityGlobals) = postSolution
		SolutionGuid = {A619A336-80E9-47D7-88C1-BCBDBB888766}
	EndGlobalSection
EndGlobal
